
Microsoft Visual Studio Solution File, Format Version 12.00
# Visual Studio 15
VisualStudioVersion = 15.0.26124.0
MinimumVisualStudioVersion = 15.0.26124.0
Project("{2150E333-8FDC-42A3-9474-1A3956D46DE8}") = "src", "src", "{746E96B3-2B58-468B-9BEF-8BD30718A2C4}"
EndProject
Project("{FAE04EC0-301F-11D3-BF4B-00C04F79EFBC}") = "ServerlessTest", "src\ServerlessTest\ServerlessTest.csproj", "{DFBCD5FD-6EA8-4E60-8DB3-28147414B704}"
EndProject
Project("{FAE04EC0-301F-11D3-BF4B-00C04F79EFBC}") = "Amazon.Lambda.SignalR", "src\Amazon.Lambda.SignalR\Amazon.Lambda.SignalR.csproj", "{8696E566-88FF-4A7B-A30D-849B67123FD9}"
EndProject
Project("{2150E333-8FDC-42A3-9474-1A3956D46DE8}") = "test", "test", "{F59F8FE9-5EBF-4A72-8F3B-9C59098A6F81}"
EndProject
Project("{FAE04EC0-301F-11D3-BF4B-00C04F79EFBC}") = "Amazon.Lambda.SignalR.Tests", "test\Amazon.Lambda.SignalR.Tests\Amazon.Lambda.SignalR.Tests.csproj", "{D3B3EF9E-15D8-4199-B956-896D20A69F94}"
EndProject
Global
	GlobalSection(SolutionConfigurationPlatforms) = preSolution
		Debug|Any CPU = Debug|Any CPU
		Debug|x64 = Debug|x64
		Debug|x86 = Debug|x86
		Release|Any CPU = Release|Any CPU
		Release|x64 = Release|x64
		Release|x86 = Release|x86
	EndGlobalSection
	GlobalSection(SolutionProperties) = preSolution
		HideSolutionNode = FALSE
	EndGlobalSection
	GlobalSection(ProjectConfigurationPlatforms) = postSolution
		{DFBCD5FD-6EA8-4E60-8DB3-28147414B704}.Debug|Any CPU.ActiveCfg = Debug|Any CPU
		{DFBCD5FD-6EA8-4E60-8DB3-28147414B704}.Debug|Any CPU.Build.0 = Debug|Any CPU
		{DFBCD5FD-6EA8-4E60-8DB3-28147414B704}.Debug|x64.ActiveCfg = Debug|Any CPU
		{DFBCD5FD-6EA8-4E60-8DB3-28147414B704}.Debug|x64.Build.0 = Debug|Any CPU
		{DFBCD5FD-6EA8-4E60-8DB3-28147414B704}.Debug|x86.ActiveCfg = Debug|Any CPU
		{DFBCD5FD-6EA8-4E60-8DB3-28147414B704}.Debug|x86.Build.0 = Debug|Any CPU
		{DFBCD5FD-6EA8-4E60-8DB3-28147414B704}.Release|Any CPU.ActiveCfg = Release|Any CPU
		{DFBCD5FD-6EA8-4E60-8DB3-28147414B704}.Release|Any CPU.Build.0 = Release|Any CPU
		{DFBCD5FD-6EA8-4E60-8DB3-28147414B704}.Release|x64.ActiveCfg = Release|Any CPU
		{DFBCD5FD-6EA8-4E60-8DB3-28147414B704}.Release|x64.Build.0 = Release|Any CPU
		{DFBCD5FD-6EA8-4E60-8DB3-28147414B704}.Release|x86.ActiveCfg = Release|Any CPU
		{DFBCD5FD-6EA8-4E60-8DB3-28147414B704}.Release|x86.Build.0 = Release|Any CPU
		{8696E566-88FF-4A7B-A30D-849B67123FD9}.Debug|Any CPU.ActiveCfg = Debug|Any CPU
		{8696E566-88FF-4A7B-A30D-849B67123FD9}.Debug|Any CPU.Build.0 = Debug|Any CPU
		{8696E566-88FF-4A7B-A30D-849B67123FD9}.Debug|x64.ActiveCfg = Debug|Any CPU
		{8696E566-88FF-4A7B-A30D-849B67123FD9}.Debug|x64.Build.0 = Debug|Any CPU
		{8696E566-88FF-4A7B-A30D-849B67123FD9}.Debug|x86.ActiveCfg = Debug|Any CPU
		{8696E566-88FF-4A7B-A30D-849B67123FD9}.Debug|x86.Build.0 = Debug|Any CPU
		{8696E566-88FF-4A7B-A30D-849B67123FD9}.Release|Any CPU.ActiveCfg = Release|Any CPU
		{8696E566-88FF-4A7B-A30D-849B67123FD9}.Release|Any CPU.Build.0 = Release|Any CPU
		{8696E566-88FF-4A7B-A30D-849B67123FD9}.Release|x64.ActiveCfg = Release|Any CPU
		{8696E566-88FF-4A7B-A30D-849B67123FD9}.Release|x64.Build.0 = Release|Any CPU
		{8696E566-88FF-4A7B-A30D-849B67123FD9}.Release|x86.ActiveCfg = Release|Any CPU
		{8696E566-88FF-4A7B-A30D-849B67123FD9}.Release|x86.Build.0 = Release|Any CPU
		{D3B3EF9E-15D8-4199-B956-896D20A69F94}.Debug|Any CPU.ActiveCfg = Debug|Any CPU
		{D3B3EF9E-15D8-4199-B956-896D20A69F94}.Debug|Any CPU.Build.0 = Debug|Any CPU
		{D3B3EF9E-15D8-4199-B956-896D20A69F94}.Debug|x64.ActiveCfg = Debug|Any CPU
		{D3B3EF9E-15D8-4199-B956-896D20A69F94}.Debug|x64.Build.0 = Debug|Any CPU
		{D3B3EF9E-15D8-4199-B956-896D20A69F94}.Debug|x86.ActiveCfg = Debug|Any CPU
		{D3B3EF9E-15D8-4199-B956-896D20A69F94}.Debug|x86.Build.0 = Debug|Any CPU
		{D3B3EF9E-15D8-4199-B956-896D20A69F94}.Release|Any CPU.ActiveCfg = Release|Any CPU
		{D3B3EF9E-15D8-4199-B956-896D20A69F94}.Release|Any CPU.Build.0 = Release|Any CPU
		{D3B3EF9E-15D8-4199-B956-896D20A69F94}.Release|x64.ActiveCfg = Release|Any CPU
		{D3B3EF9E-15D8-4199-B956-896D20A69F94}.Release|x64.Build.0 = Release|Any CPU
		{D3B3EF9E-15D8-4199-B956-896D20A69F94}.Release|x86.ActiveCfg = Release|Any CPU
		{D3B3EF9E-15D8-4199-B956-896D20A69F94}.Release|x86.Build.0 = Release|Any CPU
	EndGlobalSection
	GlobalSection(NestedProjects) = preSolution
		{DFBCD5FD-6EA8-4E60-8DB3-28147414B704} = {746E96B3-2B58-468B-9BEF-8BD30718A2C4}
		{8696E566-88FF-4A7B-A30D-849B67123FD9} = {746E96B3-2B58-468B-9BEF-8BD30718A2C4}
		{D3B3EF9E-15D8-4199-B956-896D20A69F94} = {F59F8FE9-5EBF-4A72-8F3B-9C59098A6F81}
	EndGlobalSection
EndGlobal
